
Microsoft Visual Studio Solution File, Format Version 12.00
# Visual Studio Version 17
VisualStudioVersion = 17.13.35919.96 d17.13
MinimumVisualStudioVersion = 10.0.40219.1
Project("{FAE04EC0-301F-11D3-BF4B-00C04F79EFBC}") = "InventarioTienda", "InventarioTienda\InventarioTienda.csproj", "{34500BD4-12D4-476E-8F35-06AAA7DE6C19}"
EndProject
Project("{FAE04EC0-301F-11D3-BF4B-00C04F79EFBC}") = "AL", "DAL\AL.csproj", "{75209C20-CA89-4F8E-AB6C-D896FA1ABD51}"
EndProject
Project("{FAE04EC0-301F-11D3-BF4B-00C04F79EFBC}") = "BLL", "BLL\BLL.csproj", "{256EF7BA-72D8-4DED-B03E-375D140DCCC1}"
EndProject
Global
	GlobalSection(SolutionConfigurationPlatforms) = preSolution
		Debug|Any CPU = Debug|Any CPU
		Release|Any CPU = Release|Any CPU
	EndGlobalSection
	GlobalSection(ProjectConfigurationPlatforms) = postSolution
		{34500BD4-12D4-476E-8F35-06AAA7DE6C19}.Debug|Any CPU.ActiveCfg = Debug|Any CPU
		{34500BD4-12D4-476E-8F35-06AAA7DE6C19}.Debug|Any CPU.Build.0 = Debug|Any CPU
		{34500BD4-12D4-476E-8F35-06AAA7DE6C19}.Release|Any CPU.ActiveCfg = Release|Any CPU
		{34500BD4-12D4-476E-8F35-06AAA7DE6C19}.Release|Any CPU.Build.0 = Release|Any CPU
		{75209C20-CA89-4F8E-AB6C-D896FA1ABD51}.Debug|Any CPU.ActiveCfg = Debug|Any CPU
		{75209C20-CA89-4F8E-AB6C-D896FA1ABD51}.Debug|Any CPU.Build.0 = Debug|Any CPU
		{75209C20-CA89-4F8E-AB6C-D896FA1ABD51}.Release|Any CPU.ActiveCfg = Release|Any CPU
		{75209C20-CA89-4F8E-AB6C-D896FA1ABD51}.Release|Any CPU.Build.0 = Release|Any CPU
		{256EF7BA-72D8-4DED-B03E-375D140DCCC1}.Debug|Any CPU.ActiveCfg = Debug|Any CPU
		{256EF7BA-72D8-4DED-B03E-375D140DCCC1}.Debug|Any CPU.Build.0 = Debug|Any CPU
		{256EF7BA-72D8-4DED-B03E-375D140DCCC1}.Release|Any CPU.ActiveCfg = Release|Any CPU
		{256EF7BA-72D8-4DED-B03E-375D140DCCC1}.Release|Any CPU.Build.0 = Release|Any CPU
	EndGlobalSection
	GlobalSection(SolutionProperties) = preSolution
		HideSolutionNode = FALSE
	EndGlobalSection
	GlobalSection(ExtensibilityGlobals) = postSolution
		SolutionGuid = {FBDFDC72-CDD4-46BB-B939-C485A1AF1502}
	EndGlobalSection
EndGlobal
